PODS:
  - Bolts (1.1.0)
  - CocoaLumberjack (1.8.1):
    - CocoaLumberjack/Extensions
  - CocoaLumberjack/Core (1.8.1)
  - CocoaLumberjack/Extensions (1.8.1):
    - CocoaLumberjack/Core
  - dyci (0.1.5.20140124):
    - dyci/Core
    - dyci/Helpers
    - dyci/Injections
    - dyci/UIKit Support
  - dyci/Core (0.1.5.20140124)
  - dyci/Helpers (0.1.5.20140124)
  - dyci/Injections (0.1.5.20140124)
  - dyci/UIKit Support (0.1.5.20140124)
  - Facebook-iOS-SDK (3.14.1):
    - Bolts
  - HockeySDK (3.5.5)
  - KZAsserts (1.0)
  - Masonry (0.5.0)
  - NSLogger (1.2)
  - NSLogger-CocoaLumberjack-connector (1.3):
    - CocoaLumberjack
    - NSLogger
  - Parse-iOS-SDK (1.2.19):
    - Facebook-iOS-SDK (~> 3.7)
  - pop (1.0.4)
  - PromiseKit/base (0.9.6)
  - PromiseKit/SocialFramework (0.9.6):
    - PromiseKit/base
  - PromiseKit/UIKit (0.9.6):
    - PromiseKit/base
  - Shimmer (1.0.1)

DEPENDENCIES:
  - dyci (from `https://github.com/DyCI/dyci-main.git`)
  - HockeySDK
  - KZAsserts
  - Masonry
  - NSLogger-CocoaLumberjack-connector
  - Parse-iOS-SDK
  - pop
  - PromiseKit/SocialFramework
  - PromiseKit/UIKit
  - Shimmer

EXTERNAL SOURCES:
  dyci:
    :git: https://github.com/DyCI/dyci-main.git

SPEC CHECKSUMS:
  Bolts: dc620a31cf67c29bce3e3d14a07a12e797a1a154
  CocoaLumberjack: 020378ec400d658923bf5887178394f65f052c90
  dyci: a547f35263983aad987afa301ba0a10d2d160c51
  Facebook-iOS-SDK: 97e68fb37468bee2d90201fd0c9e4dccce5683d9
  HockeySDK: 350ef1cf18d2fc9a13801ad077c307cece8c6c64
  KZAsserts: b0fbae140cdfdbd593b8075dd1531d8e26d13983
  Masonry: bef482b29f00b33a2da916e1011af85f5d371d66
  NSLogger: 9607fdeafd0b09922c69615f99f127de45971b8f
  NSLogger-CocoaLumberjack-connector: b03392e94a0ba0aef65b05666d7e73aac2d9a471
  Parse-iOS-SDK: 48e366fb9a8956c4e50d93cfd16243176938fae1
  pop: 63a4f5e8942077fed2efe195036ecc572c71c48c
  PromiseKit: 18632613f91a8ab4fdae0b5d056bea43855db39e
  Shimmer: a1b92685f04ae7363e655f636a41a276dbb1507e

COCOAPODS: 0.32.1
