// !$*UTF8*$!
{
	archiveVersion = 1;
	classes = {
	};
	objectVersion = 46;
	objects = {

/* Begin PBXBuildFile section */
		65C37C6819262F9400338714 /* TwitterAccountViewController.m in Sources */ = {isa = PBXBuildFile; fileRef = 65C37C6719262F9400338714 /* TwitterAccountViewController.m */; };
		CA03F4E399004064864754A7 /* libPods-twindr.a in Frameworks */ = {isa = PBXBuildFile; fileRef = 22986C4A50BA4A4E95973B10 /* libPods-twindr.a */; };
		CD0AA9AE192611FE0007325A /* Foundation.framework in Frameworks */ = {isa = PBXBuildFile; fileRef = CD0AA9AD192611FE0007325A /* Foundation.framework */; };
		CD0AA9B0192611FE0007325A /* CoreGraphics.framework in Frameworks */ = {isa = PBXBuildFile; fileRef = CD0AA9AF192611FE0007325A /* CoreGraphics.framework */; };
		CD0AA9B2192611FE0007325A /* UIKit.framework in Frameworks */ = {isa = PBXBuildFile; fileRef = CD0AA9B1192611FE0007325A /* UIKit.framework */; };
		CD0AA9B8192611FE0007325A /* InfoPlist.strings in Resources */ = {isa = PBXBuildFile; fileRef = CD0AA9B6192611FE0007325A /* InfoPlist.strings */; };
		CD0AA9BA192611FE0007325A /* main.m in Sources */ = {isa = PBXBuildFile; fileRef = CD0AA9B9192611FE0007325A /* main.m */; };
		CD0AA9BE192611FE0007325A /* AppDelegate.m in Sources */ = {isa = PBXBuildFile; fileRef = CD0AA9BD192611FE0007325A /* AppDelegate.m */; };
		CD0AA9C0192611FE0007325A /* Images.xcassets in Resources */ = {isa = PBXBuildFile; fileRef = CD0AA9BF192611FE0007325A /* Images.xcassets */; };
		CD0AA9C7192611FE0007325A /* XCTest.framework in Frameworks */ = {isa = PBXBuildFile; fileRef = CD0AA9C6192611FE0007325A /* XCTest.framework */; };
		CD0AA9C8192611FE0007325A /* Foundation.framework in Frameworks */ = {isa = PBXBuildFile; fileRef = CD0AA9AD192611FE0007325A /* Foundation.framework */; };
		CD0AA9C9192611FE0007325A /* UIKit.framework in Frameworks */ = {isa = PBXBuildFile; fileRef = CD0AA9B1192611FE0007325A /* UIKit.framework */; };
		CD0AA9D1192611FE0007325A /* InfoPlist.strings in Resources */ = {isa = PBXBuildFile; fileRef = CD0AA9CF192611FE0007325A /* InfoPlist.strings */; };
		CD0AA9D3192611FE0007325A /* twindrTests.m in Sources */ = {isa = PBXBuildFile; fileRef = CD0AA9D2192611FE0007325A /* twindrTests.m */; };
		E291D27E8D96864153E1373C /* BeaconTransmitter.m in Sources */ = {isa = PBXBuildFile; fileRef = E291D6D50B77F6D3783D4221 /* BeaconTransmitter.m */; };
		E291D50EFA702674ED3AC44F /* BeaconManager.m in Sources */ = {isa = PBXBuildFile; fileRef = E291D4E1D65895020184C789 /* BeaconManager.m */; };
		E291D64ECBDDDC703D7D07CA /* BeaconMonitor.m in Sources */ = {isa = PBXBuildFile; fileRef = E291D30ED9364440A443C758 /* BeaconMonitor.m */; };
/* End PBXBuildFile section */

/* Begin PBXContainerItemProxy section */
		CD0AA9CA192611FE0007325A /* PBXContainerItemProxy */ = {
			isa = PBXContainerItemProxy;
			containerPortal = CD0AA9A2192611FE0007325A /* Project object */;
			proxyType = 1;
			remoteGlobalIDString = CD0AA9A9192611FE0007325A;
			remoteInfo = twindr;
		};
/* End PBXContainerItemProxy section */

/* Begin PBXFileReference section */
		22986C4A50BA4A4E95973B10 /* libPods-twindr.a */ = {isa = PBXFileReference; explicitFileType = archive.ar; includeInIndex = 0; path = "libPods-twindr.a"; sourceTree = BUILT_PRODUCTS_DIR; };
		49130E70B1394B69BFE91E13 /* Pods-twindr.xcconfig */ = {isa = PBXFileReference; includeInIndex = 1; lastKnownFileType = text.xcconfig; name = "Pods-twindr.xcconfig"; path = "Pods/Pods-twindr.xcconfig"; sourceTree = "<group>"; };
		52EFA25D6A70119D3C4DC6A6 /* TwindrService.h */ = {isa = PBXFileReference; fileEncoding = 4; lastKnownFileType = sourcecode.c.h; path = TwindrService.h; sourceTree = "<group>"; };
		65C37C6619262F9400338714 /* TwitterAccountViewController.h */ = {isa = PBXFileReference; fileEncoding = 4; lastKnownFileType = sourcecode.c.h; path = TwitterAccountViewController.h; sourceTree = "<group>"; };
		65C37C6719262F9400338714 /* TwitterAccountViewController.m */ = {isa = PBXFileReference; fileEncoding = 4; lastKnownFileType = sourcecode.c.objc; path = TwitterAccountViewController.m; sourceTree = "<group>"; };
		CD0AA9AA192611FE0007325A /* twindr.app */ = {isa = PBXFileReference; explicitFileType = wrapper.application; includeInIndex = 0; path = twindr.app; sourceTree = BUILT_PRODUCTS_DIR; };
		CD0AA9AD192611FE0007325A /* Foundation.framework */ = {isa = PBXFileReference; lastKnownFileType = wrapper.framework; name = Foundation.framework; path = System/Library/Frameworks/Foundation.framework; sourceTree = SDKROOT; };
		CD0AA9AF192611FE0007325A /* CoreGraphics.framework */ = {isa = PBXFileReference; lastKnownFileType = wrapper.framework; name = CoreGraphics.framework; path = System/Library/Frameworks/CoreGraphics.framework; sourceTree = SDKROOT; };
		CD0AA9B1192611FE0007325A /* UIKit.framework */ = {isa = PBXFileReference; lastKnownFileType = wrapper.framework; name = UIKit.framework; path = System/Library/Frameworks/UIKit.framework; sourceTree = SDKROOT; };
		CD0AA9B5192611FE0007325A /* twindr-Info.plist */ = {isa = PBXFileReference; lastKnownFileType = text.plist.xml; path = "twindr-Info.plist"; sourceTree = "<group>"; };
		CD0AA9B7192611FE0007325A /* en */ = {isa = PBXFileReference; lastKnownFileType = text.plist.strings; name = en; path = en.lproj/InfoPlist.strings; sourceTree = "<group>"; };
		CD0AA9B9192611FE0007325A /* main.m */ = {isa = PBXFileReference; lastKnownFileType = sourcecode.c.objc; path = main.m; sourceTree = "<group>"; };
		CD0AA9BB192611FE0007325A /* twindr-Prefix.pch */ = {isa = PBXFileReference; lastKnownFileType = sourcecode.c.h; path = "twindr-Prefix.pch"; sourceTree = "<group>"; };
		CD0AA9BC192611FE0007325A /* AppDelegate.h */ = {isa = PBXFileReference; lastKnownFileType = sourcecode.c.h; path = AppDelegate.h; sourceTree = "<group>"; };
		CD0AA9BD192611FE0007325A /* AppDelegate.m */ = {isa = PBXFileReference; lastKnownFileType = sourcecode.c.objc; path = AppDelegate.m; sourceTree = "<group>"; };
		CD0AA9BF192611FE0007325A /* Images.xcassets */ = {isa = PBXFileReference; lastKnownFileType = folder.assetcatalog; path = Images.xcassets; sourceTree = "<group>"; };
		CD0AA9C5192611FE0007325A /* twindrTests.xctest */ = {isa = PBXFileReference; explicitFileType = wrapper.cfbundle; includeInIndex = 0; path = twindrTests.xctest; sourceTree = BUILT_PRODUCTS_DIR; };
		CD0AA9C6192611FE0007325A /* XCTest.framework */ = {isa = PBXFileReference; lastKnownFileType = wrapper.framework; name = XCTest.framework; path = Library/Frameworks/XCTest.framework; sourceTree = DEVELOPER_DIR; };
		CD0AA9CE192611FE0007325A /* twindrTests-Info.plist */ = {isa = PBXFileReference; lastKnownFileType = text.plist.xml; path = "twindrTests-Info.plist"; sourceTree = "<group>"; };
		CD0AA9D0192611FE0007325A /* en */ = {isa = PBXFileReference; lastKnownFileType = text.plist.strings; name = en; path = en.lproj/InfoPlist.strings; sourceTree = "<group>"; };
		CD0AA9D2192611FE0007325A /* twindrTests.m */ = {isa = PBXFileReference; lastKnownFileType = sourcecode.c.objc; path = twindrTests.m; sourceTree = "<group>"; };
		E291D085D8357DFBB81460E4 /* BeaconMonitor.h */ = {isa = PBXFileReference; fileEncoding = 4; lastKnownFileType = sourcecode.c.h; path = BeaconMonitor.h; sourceTree = "<group>"; };
		E291D30ED9364440A443C758 /* BeaconMonitor.m */ = {isa = PBXFileReference; fileEncoding = 4; lastKnownFileType = sourcecode.c.objc; path = BeaconMonitor.m; sourceTree = "<group>"; };
		E291D4E1D65895020184C789 /* BeaconManager.m */ = {isa = PBXFileReference; fileEncoding = 4; lastKnownFileType = sourcecode.c.objc; path = BeaconManager.m; sourceTree = "<group>"; };
		E291D610697E122DBEDF3242 /* BeaconTransmitter.h */ = {isa = PBXFileReference; fileEncoding = 4; lastKnownFileType = sourcecode.c.h; path = BeaconTransmitter.h; sourceTree = "<group>"; };
		E291D64A91F816F15EB2F8F2 /* BeaconManager.h */ = {isa = PBXFileReference; fileEncoding = 4; lastKnownFileType = sourcecode.c.h; path = BeaconManager.h; sourceTree = "<group>"; };
		E291D6D50B77F6D3783D4221 /* BeaconTransmitter.m */ = {isa = PBXFileReference; fileEncoding = 4; lastKnownFileType = sourcecode.c.objc; path = BeaconTransmitter.m; sourceTree = "<group>"; };
/* End PBXFileReference section */

/* Begin PBXFrameworksBuildPhase section */
		CD0AA9A7192611FE0007325A /* Frameworks */ = {
			isa = PBXFrameworksBuildPhase;
			buildActionMask = 2147483647;
			files = (
				CD0AA9B0192611FE0007325A /* CoreGraphics.framework in Frameworks */,
				CD0AA9B2192611FE0007325A /* UIKit.framework in Frameworks */,
				CD0AA9AE192611FE0007325A /* Foundation.framework in Frameworks */,
				CA03F4E399004064864754A7 /* libPods-twindr.a in Frameworks */,
			);
			runOnlyForDeploymentPostprocessing = 0;
		};
		CD0AA9C2192611FE0007325A /* Frameworks */ = {
			isa = PBXFrameworksBuildPhase;
			buildActionMask = 2147483647;
			files = (
				CD0AA9C7192611FE0007325A /* XCTest.framework in Frameworks */,
				CD0AA9C9192611FE0007325A /* UIKit.framework in Frameworks */,
				CD0AA9C8192611FE0007325A /* Foundation.framework in Frameworks */,
			);
			runOnlyForDeploymentPostprocessing = 0;
		};
/* End PBXFrameworksBuildPhase section */

/* Begin PBXGroup section */
		CD0AA9A1192611FE0007325A = {
			isa = PBXGroup;
			children = (
				CD0AA9B3192611FE0007325A /* twindr */,
				CD0AA9CC192611FE0007325A /* twindrTests */,
				CD0AA9AC192611FE0007325A /* Frameworks */,
				CD0AA9AB192611FE0007325A /* Products */,
				49130E70B1394B69BFE91E13 /* Pods-twindr.xcconfig */,
			);
			sourceTree = "<group>";
		};
		CD0AA9AB192611FE0007325A /* Products */ = {
			isa = PBXGroup;
			children = (
				CD0AA9AA192611FE0007325A /* twindr.app */,
				CD0AA9C5192611FE0007325A /* twindrTests.xctest */,
			);
			name = Products;
			sourceTree = "<group>";
		};
		CD0AA9AC192611FE0007325A /* Frameworks */ = {
			isa = PBXGroup;
			children = (
				CD0AA9AD192611FE0007325A /* Foundation.framework */,
				CD0AA9AF192611FE0007325A /* CoreGraphics.framework */,
				CD0AA9B1192611FE0007325A /* UIKit.framework */,
				CD0AA9C6192611FE0007325A /* XCTest.framework */,
				22986C4A50BA4A4E95973B10 /* libPods-twindr.a */,
			);
			name = Frameworks;
			sourceTree = "<group>";
		};
		CD0AA9B3192611FE0007325A /* twindr */ = {
			isa = PBXGroup;
			children = (
				65C37C6619262F9400338714 /* TwitterAccountViewController.h */,
				65C37C6719262F9400338714 /* TwitterAccountViewController.m */,
				CD0AA9BC192611FE0007325A /* AppDelegate.h */,
				CD0AA9BD192611FE0007325A /* AppDelegate.m */,
				CD0AA9BF192611FE0007325A /* Images.xcassets */,
				CD0AA9B4192611FE0007325A /* Supporting Files */,
				E291D236A921402E99FA6E4F /* Beacons */,
				52EFA25D6A70119D3C4DC6A6 /* TwindrService.h */,
			);
			path = twindr;
			sourceTree = "<group>";
		};
		CD0AA9B4192611FE0007325A /* Supporting Files */ = {
			isa = PBXGroup;
			children = (
				CD0AA9B5192611FE0007325A /* twindr-Info.plist */,
				CD0AA9B6192611FE0007325A /* InfoPlist.strings */,
				CD0AA9B9192611FE0007325A /* main.m */,
				CD0AA9BB192611FE0007325A /* twindr-Prefix.pch */,
			);
			name = "Supporting Files";
			sourceTree = "<group>";
		};
		CD0AA9CC192611FE0007325A /* twindrTests */ = {
			isa = PBXGroup;
			children = (
				CD0AA9D2192611FE0007325A /* twindrTests.m */,
				CD0AA9CD192611FE0007325A /* Supporting Files */,
			);
			path = twindrTests;
			sourceTree = "<group>";
		};
		CD0AA9CD192611FE0007325A /* Supporting Files */ = {
			isa = PBXGroup;
			children = (
				CD0AA9CE192611FE0007325A /* twindrTests-Info.plist */,
				CD0AA9CF192611FE0007325A /* InfoPlist.strings */,
			);
			name = "Supporting Files";
			sourceTree = "<group>";
		};
		E291D236A921402E99FA6E4F /* Beacons */ = {
			isa = PBXGroup;
			children = (
				E291D327FE83F77BFD58F291 /* Monitor */,
				E291DB3AA04F5A9EEF73DE3E /* Transmitter */,
				E291D64A91F816F15EB2F8F2 /* BeaconManager.h */,
				E291D4E1D65895020184C789 /* BeaconManager.m */,
			);
			path = Beacons;
			sourceTree = "<group>";
		};
		E291D327FE83F77BFD58F291 /* Monitor */ = {
			isa = PBXGroup;
			children = (
				E291D085D8357DFBB81460E4 /* BeaconMonitor.h */,
				E291D30ED9364440A443C758 /* BeaconMonitor.m */,
			);
			path = Monitor;
			sourceTree = "<group>";
		};
		E291DB3AA04F5A9EEF73DE3E /* Transmitter */ = {
			isa = PBXGroup;
			children = (
				E291D610697E122DBEDF3242 /* BeaconTransmitter.h */,
				E291D6D50B77F6D3783D4221 /* BeaconTransmitter.m */,
			);
			path = Transmitter;
			sourceTree = "<group>";
		};
/* End PBXGroup section */

/* Begin PBXNativeTarget section */
		CD0AA9A9192611FE0007325A /* twindr */ = {
			isa = PBXNativeTarget;
			buildConfigurationList = CD0AA9D6192611FE0007325A /* Build configuration list for PBXNativeTarget "twindr" */;
			buildPhases = (
				1D0FFC659F8741FCBC6DF825 /* Check Pods Manifest.lock */,
				CD0AA9A6192611FE0007325A /* Sources */,
				CD0AA9A7192611FE0007325A /* Frameworks */,
				CD0AA9A8192611FE0007325A /* Resources */,
				365948A1506244AE904D328E /* Copy Pods Resources */,
			);
			buildRules = (
			);
			dependencies = (
			);
			name = twindr;
			productName = twindr;
			productReference = CD0AA9AA192611FE0007325A /* twindr.app */;
			productType = "com.apple.product-type.application";
		};
		CD0AA9C4192611FE0007325A /* twindrTests */ = {
			isa = PBXNativeTarget;
			buildConfigurationList = CD0AA9D9192611FE0007325A /* Build configuration list for PBXNativeTarget "twindrTests" */;
			buildPhases = (
				CD0AA9C1192611FE0007325A /* Sources */,
				CD0AA9C2192611FE0007325A /* Frameworks */,
				CD0AA9C3192611FE0007325A /* Resources */,
			);
			buildRules = (
			);
			dependencies = (
				CD0AA9CB192611FE0007325A /* PBXTargetDependency */,
			);
			name = twindrTests;
			productName = twindrTests;
			productReference = CD0AA9C5192611FE0007325A /* twindrTests.xctest */;
			productType = "com.apple.product-type.bundle.unit-test";
		};
/* End PBXNativeTarget section */

/* Begin PBXProject section */
		CD0AA9A2192611FE0007325A /* Project object */ = {
			isa = PBXProject;
			attributes = {
				LastUpgradeCheck = 0510;
				ORGANIZATIONNAME = webdevotion;
				TargetAttributes = {
					CD0AA9C4192611FE0007325A = {
						TestTargetID = CD0AA9A9192611FE0007325A;
					};
				};
			};
			buildConfigurationList = CD0AA9A5192611FE0007325A /* Build configuration list for PBXProject "twindr" */;
			compatibilityVersion = "Xcode 3.2";
			developmentRegion = English;
			hasScannedForEncodings = 0;
			knownRegions = (
				en,
			);
			mainGroup = CD0AA9A1192611FE0007325A;
			productRefGroup = CD0AA9AB192611FE0007325A /* Products */;
			projectDirPath = "";
			projectRoot = "";
			targets = (
				CD0AA9A9192611FE0007325A /* twindr */,
				CD0AA9C4192611FE0007325A /* twindrTests */,
			);
		};
/* End PBXProject section */

/* Begin PBXResourcesBuildPhase section */
		CD0AA9A8192611FE0007325A /* Resources */ = {
			isa = PBXResourcesBuildPhase;
			buildActionMask = 2147483647;
			files = (
				CD0AA9B8192611FE0007325A /* InfoPlist.strings in Resources */,
				CD0AA9C0192611FE0007325A /* Images.xcassets in Resources */,
			);
			runOnlyForDeploymentPostprocessing = 0;
		};
		CD0AA9C3192611FE0007325A /* Resources */ = {
			isa = PBXResourcesBuildPhase;
			buildActionMask = 2147483647;
			files = (
				CD0AA9D1192611FE0007325A /* InfoPlist.strings in Resources */,
			);
			runOnlyForDeploymentPostprocessing = 0;
		};
/* End PBXResourcesBuildPhase section */

/* Begin PBXShellScriptBuildPhase section */
		1D0FFC659F8741FCBC6DF825 /* Check Pods Manifest.lock */ = {
			isa = PBXShellScriptBuildPhase;
			buildActionMask = 2147483647;
			files = (
			);
			inputPaths = (
			);
			name = "Check Pods Manifest.lock";
			outputPaths = (
			);
			runOnlyForDeploymentPostprocessing = 0;
			shellPath = /bin/sh;
			shellScript = "diff \"${PODS_ROOT}/../Podfile.lock\" \"${PODS_ROOT}/Manifest.lock\" > /dev/null\nif [[ $? != 0 ]] ; then\n    cat << EOM\nerror: The sandbox is not in sync with the Podfile.lock. Run 'pod install' or update your CocoaPods installation.\nEOM\n    exit 1\nfi\n";
			showEnvVarsInLog = 0;
		};
		365948A1506244AE904D328E /* Copy Pods Resources */ = {
			isa = PBXShellScriptBuildPhase;
			buildActionMask = 2147483647;
			files = (
			);
			inputPaths = (
			);
			name = "Copy Pods Resources";
			outputPaths = (
			);
			runOnlyForDeploymentPostprocessing = 0;
			shellPath = /bin/sh;
			shellScript = "\"${SRCROOT}/Pods/Pods-twindr-resources.sh\"\n";
			showEnvVarsInLog = 0;
		};
/* End PBXShellScriptBuildPhase section */

/* Begin PBXSourcesBuildPhase section */
		CD0AA9A6192611FE0007325A /* Sources */ = {
			isa = PBXSourcesBuildPhase;
			buildActionMask = 2147483647;
			files = (
				CD0AA9BE192611FE0007325A /* AppDelegate.m in Sources */,
				CD0AA9BA192611FE0007325A /* main.m in Sources */,
				65C37C6819262F9400338714 /* TwitterAccountViewController.m in Sources */,
				E291D64ECBDDDC703D7D07CA /* BeaconMonitor.m in Sources */,
				E291D27E8D96864153E1373C /* BeaconTransmitter.m in Sources */,
				E291D50EFA702674ED3AC44F /* BeaconManager.m in Sources */,
			);
			runOnlyForDeploymentPostprocessing = 0;
		};
		CD0AA9C1192611FE0007325A /* Sources */ = {
			isa = PBXSourcesBuildPhase;
			buildActionMask = 2147483647;
			files = (
				CD0AA9D3192611FE0007325A /* twindrTests.m in Sources */,
			);
			runOnlyForDeploymentPostprocessing = 0;
		};
/* End PBXSourcesBuildPhase section */

/* Begin PBXTargetDependency section */
		CD0AA9CB192611FE0007325A /* PBXTargetDependency */ = {
			isa = PBXTargetDependency;
			target = CD0AA9A9192611FE0007325A /* twindr */;
			targetProxy = CD0AA9CA192611FE0007325A /* PBXContainerItemProxy */;
		};
/* End PBXTargetDependency section */

/* Begin PBXVariantGroup section */
		CD0AA9B6192611FE0007325A /* InfoPlist.strings */ = {
			isa = PBXVariantGroup;
			children = (
				CD0AA9B7192611FE0007325A /* en */,
			);
			name = InfoPlist.strings;
			sourceTree = "<group>";
		};
		CD0AA9CF192611FE0007325A /* InfoPlist.strings */ = {
			isa = PBXVariantGroup;
			children = (
				CD0AA9D0192611FE0007325A /* en */,
			);
			name = InfoPlist.strings;
			sourceTree = "<group>";
		};
/* End PBXVariantGroup section */

/* Begin XCBuildConfiguration section */
		12BBBB15BADD41809BB6D4FB /* profiling */ = {
			isa = XCBuildConfiguration;
			buildSettings = {
				ALWAYS_SEARCH_USER_PATHS = NO;
				CLANG_CXX_LANGUAGE_STANDARD = "gnu++0x";
				CLANG_CXX_LIBRARY = "libc++";
				CLANG_ENABLE_MODULES = YES;
				CLANG_ENABLE_OBJC_ARC = YES;
				CLANG_WARN_BOOL_CONVERSION = YES;
				CLANG_WARN_CONSTANT_CONVERSION = YES;
				CLANG_WARN_DIRECT_OBJC_ISA_USAGE = YES_ERROR;
				CLANG_WARN_EMPTY_BODY = YES;
				CLANG_WARN_ENUM_CONVERSION = YES;
				CLANG_WARN_INT_CONVERSION = YES;
				CLANG_WARN_OBJC_ROOT_CLASS = YES_ERROR;
				CLANG_WARN_SUSPICIOUS_IMPLICIT_CONVERSION = YES;
				CLANG_WARN__DUPLICATE_METHOD_MATCH = YES;
				"CODE_SIGN_IDENTITY[sdk=iphoneos*]" = "iPhone Developer";
				COPY_PHASE_STRIP = NO;
				GCC_C_LANGUAGE_STANDARD = gnu99;
				GCC_DYNAMIC_NO_PIC = NO;
				GCC_OPTIMIZATION_LEVEL = 0;
				GCC_PREPROCESSOR_DEFINITIONS = (
					"DEBUG=1",
					"$(inherited)",
				);
				GCC_SYMBOLS_PRIVATE_EXTERN = NO;
				GCC_TREAT_WARNINGS_AS_ERRORS = YES;
				GCC_WARN_64_TO_32_BIT_CONVERSION = YES;
				GCC_WARN_ABOUT_MISSING_FIELD_INITIALIZERS = YES;
				GCC_WARN_ABOUT_RETURN_TYPE = YES;
				GCC_WARN_CHECK_SWITCH_STATEMENTS = YES;
				GCC_WARN_INITIALIZER_NOT_FULLY_BRACKETED = YES;
				GCC_WARN_MISSING_PARENTHESES = YES;
				GCC_WARN_SHADOW = YES;
				GCC_WARN_SIGN_COMPARE = YES;
				GCC_WARN_TYPECHECK_CALLS_TO_PRINTF = YES;
				GCC_WARN_UNDECLARED_SELECTOR = YES;
				GCC_WARN_UNINITIALIZED_AUTOS = YES;
				GCC_WARN_UNUSED_FUNCTION = YES;
				GCC_WARN_UNUSED_LABEL = YES;
				GCC_WARN_UNUSED_VALUE = YES;
				GCC_WARN_UNUSED_VARIABLE = YES;
				IPHONEOS_DEPLOYMENT_TARGET = 7.1;
				ONLY_ACTIVE_ARCH = YES;
				RUN_CLANG_STATIC_ANALYZER = YES;
				SDKROOT = iphoneos;
			};
			name = profiling;
		};
		1B67BD7C930A4F80900462CB /* profiling */ = {
			isa = XCBuildConfiguration;
			buildSettings = {
				BUNDLE_LOADER = "$(BUILT_PRODUCTS_DIR)/twindr.app/twindr";
				FRAMEWORK_SEARCH_PATHS = (
					"$(SDKROOT)/Developer/Library/Frameworks",
					"$(inherited)",
					"$(DEVELOPER_FRAMEWORKS_DIR)",
				);
				GCC_PRECOMPILE_PREFIX_HEADER = YES;
				GCC_PREFIX_HEADER = "twindr/twindr-Prefix.pch";
				GCC_PREPROCESSOR_DEFINITIONS = (
					"DEBUG=1",
					"$(inherited)",
				);
				INFOPLIST_FILE = "twindrTests/twindrTests-Info.plist";
				PRODUCT_NAME = "$(TARGET_NAME)";
				TEST_HOST = "$(BUNDLE_LOADER)";
				WRAPPER_EXTENSION = xctest;
			};
			name = profiling;
		};
		3958052EADDA4AE4A064D325 /* adhoc */ = {
			isa = XCBuildConfiguration;
			baseConfigurationReference = 49130E70B1394B69BFE91E13 /* Pods-twindr.xcconfig */;
			buildSettings = {
				ASSETCATALOG_COMPILER_APPICON_NAME = AppIcon;
				ASSETCATALOG_COMPILER_LAUNCHIMAGE_NAME = LaunchImage;
				GCC_PRECOMPILE_PREFIX_HEADER = YES;
				GCC_PREFIX_HEADER = "twindr/twindr-Prefix.pch";
				INFOPLIST_FILE = "twindr/twindr-Info.plist";
				PRODUCT_NAME = "$(TARGET_NAME)";
				WRAPPER_EXTENSION = app;
			};
			name = adhoc;
		};
		A85681154B524FEDA0D65E2E /* adhoc */ = {
			isa = XCBuildConfiguration;
			buildSettings = {
				ALWAYS_SEARCH_USER_PATHS = NO;
				CLANG_CXX_LANGUAGE_STANDARD = "gnu++0x";
				CLANG_CXX_LIBRARY = "libc++";
				CLANG_ENABLE_MODULES = YES;
				CLANG_ENABLE_OBJC_ARC = YES;
				CLANG_WARN_BOOL_CONVERSION = YES;
				CLANG_WARN_CONSTANT_CONVERSION = YES;
				CLANG_WARN_DIRECT_OBJC_ISA_USAGE = YES_ERROR;
				CLANG_WARN_EMPTY_BODY = YES;
				CLANG_WARN_ENUM_CONVERSION = YES;
				CLANG_WARN_INT_CONVERSION = YES;
				CLANG_WARN_OBJC_ROOT_CLASS = YES_ERROR;
				CLANG_WARN_SUSPICIOUS_IMPLICIT_CONVERSION = YES;
				CLANG_WARN__DUPLICATE_METHOD_MATCH = YES;
				"CODE_SIGN_IDENTITY[sdk=iphoneos*]" = "iPhone Developer";
				COPY_PHASE_STRIP = NO;
				GCC_C_LANGUAGE_STANDARD = gnu99;
				GCC_DYNAMIC_NO_PIC = NO;
				GCC_OPTIMIZATION_LEVEL = 0;
				GCC_PREPROCESSOR_DEFINITIONS = (
					"DEBUG=1",
					"$(inherited)",
				);
				GCC_SYMBOLS_PRIVATE_EXTERN = NO;
				GCC_TREAT_WARNINGS_AS_ERRORS = YES;
				GCC_WARN_64_TO_32_BIT_CONVERSION = YES;
				GCC_WARN_ABOUT_MISSING_FIELD_INITIALIZERS = YES;
				GCC_WARN_ABOUT_RETURN_TYPE = YES;
				GCC_WARN_CHECK_SWITCH_STATEMENTS = YES;
				GCC_WARN_INITIALIZER_NOT_FULLY_BRACKETED = YES;
				GCC_WARN_MISSING_PARENTHESES = YES;
				GCC_WARN_SHADOW = YES;
				GCC_WARN_SIGN_COMPARE = YES;
				GCC_WARN_TYPECHECK_CALLS_TO_PRINTF = YES;
				GCC_WARN_UNDECLARED_SELECTOR = YES;
				GCC_WARN_UNINITIALIZED_AUTOS = YES;
				GCC_WARN_UNUSED_FUNCTION = YES;
				GCC_WARN_UNUSED_LABEL = YES;
				GCC_WARN_UNUSED_VALUE = YES;
				GCC_WARN_UNUSED_VARIABLE = YES;
				IPHONEOS_DEPLOYMENT_TARGET = 7.1;
				ONLY_ACTIVE_ARCH = YES;
				RUN_CLANG_STATIC_ANALYZER = YES;
				SDKROOT = iphoneos;
			};
			name = adhoc;
		};
		B6259260A2584F8585E25936 /* adhoc */ = {
			isa = XCBuildConfiguration;
			buildSettings = {
				ALWAYS_SEARCH_USER_PATHS = NO;
				CLANG_CXX_LANGUAGE_STANDARD = "gnu++0x";
				CLANG_CXX_LIBRARY = "libc++";
				CLANG_ENABLE_MODULES = YES;
				CLANG_ENABLE_OBJC_ARC = YES;
				CLANG_WARN_BOOL_CONVERSION = YES;
				CLANG_WARN_CONSTANT_CONVERSION = YES;
				CLANG_WARN_DIRECT_OBJC_ISA_USAGE = YES_ERROR;
				CLANG_WARN_EMPTY_BODY = YES;
				CLANG_WARN_ENUM_CONVERSION = YES;
				CLANG_WARN_INT_CONVERSION = YES;
				CLANG_WARN_OBJC_ROOT_CLASS = YES_ERROR;
				CLANG_WARN_SUSPICIOUS_IMPLICIT_CONVERSION = YES;
				CLANG_WARN__DUPLICATE_METHOD_MATCH = YES;
				"CODE_SIGN_IDENTITY[sdk=iphoneos*]" = "iPhone Developer";
				COPY_PHASE_STRIP = NO;
				GCC_C_LANGUAGE_STANDARD = gnu99;
				GCC_DYNAMIC_NO_PIC = NO;
				GCC_OPTIMIZATION_LEVEL = 0;
				GCC_PREPROCESSOR_DEFINITIONS = (
					"DEBUG=1",
					"$(inherited)",
				);
				GCC_SYMBOLS_PRIVATE_EXTERN = NO;
				GCC_TREAT_WARNINGS_AS_ERRORS = YES;
				GCC_WARN_64_TO_32_BIT_CONVERSION = YES;
				GCC_WARN_ABOUT_MISSING_FIELD_INITIALIZERS = YES;
				GCC_WARN_ABOUT_RETURN_TYPE = YES;
				GCC_WARN_CHECK_SWITCH_STATEMENTS = YES;
				GCC_WARN_INITIALIZER_NOT_FULLY_BRACKETED = YES;
				GCC_WARN_MISSING_PARENTHESES = YES;
				GCC_WARN_SHADOW = YES;
				GCC_WARN_SIGN_COMPARE = YES;
				GCC_WARN_TYPECHECK_CALLS_TO_PRINTF = YES;
				GCC_WARN_UNDECLARED_SELECTOR = YES;
				GCC_WARN_UNINITIALIZED_AUTOS = YES;
				GCC_WARN_UNUSED_FUNCTION = YES;
				GCC_WARN_UNUSED_LABEL = YES;
				GCC_WARN_UNUSED_VALUE = YES;
				GCC_WARN_UNUSED_VARIABLE = YES;
				IPHONEOS_DEPLOYMENT_TARGET = 7.1;
				ONLY_ACTIVE_ARCH = YES;
				RUN_CLANG_STATIC_ANALYZER = YES;
				SDKROOT = iphoneos;
			};
			name = adhoc;
		};
		C40F8A7472FA438A8E450438 /* profiling */ = {
			isa = XCBuildConfiguration;
			baseConfigurationReference = 49130E70B1394B69BFE91E13 /* Pods-twindr.xcconfig */;
			buildSettings = {
				ASSETCATALOG_COMPILER_APPICON_NAME = AppIcon;
				ASSETCATALOG_COMPILER_LAUNCHIMAGE_NAME = LaunchImage;
				GCC_PRECOMPILE_PREFIX_HEADER = YES;
				GCC_PREFIX_HEADER = "twindr/twindr-Prefix.pch";
				INFOPLIST_FILE = "twindr/twindr-Info.plist";
				PRODUCT_NAME = "$(TARGET_NAME)";
				WRAPPER_EXTENSION = app;
			};
			name = profiling;
		};
		CD0AA9D4192611FE0007325A /* Debug */ = {
			isa = XCBuildConfiguration;
			buildSettings = {
				ALWAYS_SEARCH_USER_PATHS = NO;
				CLANG_CXX_LANGUAGE_STANDARD = "gnu++0x";
				CLANG_CXX_LIBRARY = "libc++";
				CLANG_ENABLE_MODULES = YES;
				CLANG_ENABLE_OBJC_ARC = YES;
				CLANG_WARN_BOOL_CONVERSION = YES;
				CLANG_WARN_CONSTANT_CONVERSION = YES;
				CLANG_WARN_DIRECT_OBJC_ISA_USAGE = YES_ERROR;
				CLANG_WARN_EMPTY_BODY = YES;
				CLANG_WARN_ENUM_CONVERSION = YES;
				CLANG_WARN_INT_CONVERSION = YES;
				CLANG_WARN_OBJC_ROOT_CLASS = YES_ERROR;
				CLANG_WARN_SUSPICIOUS_IMPLICIT_CONVERSION = YES;
				CLANG_WARN__DUPLICATE_METHOD_MATCH = YES;
				"CODE_SIGN_IDENTITY[sdk=iphoneos*]" = "iPhone Developer";
				COPY_PHASE_STRIP = NO;
				GCC_C_LANGUAGE_STANDARD = gnu99;
				GCC_DYNAMIC_NO_PIC = NO;
				GCC_OPTIMIZATION_LEVEL = 0;
				GCC_PREPROCESSOR_DEFINITIONS = (
					"DEBUG=1",
					"$(inherited)",
				);
				GCC_SYMBOLS_PRIVATE_EXTERN = NO;
				GCC_TREAT_WARNINGS_AS_ERRORS = YES;
				GCC_WARN_64_TO_32_BIT_CONVERSION = YES;
				GCC_WARN_ABOUT_MISSING_FIELD_INITIALIZERS = YES;
				GCC_WARN_ABOUT_RETURN_TYPE = YES;
				GCC_WARN_CHECK_SWITCH_STATEMENTS = YES;
				GCC_WARN_INITIALIZER_NOT_FULLY_BRACKETED = YES;
				GCC_WARN_MISSING_PARENTHESES = YES;
				GCC_WARN_SHADOW = YES;
				GCC_WARN_SIGN_COMPARE = YES;
				GCC_WARN_TYPECHECK_CALLS_TO_PRINTF = YES;
				GCC_WARN_UNDECLARED_SELECTOR = YES;
				GCC_WARN_UNINITIALIZED_AUTOS = YES;
				GCC_WARN_UNUSED_FUNCTION = YES;
				GCC_WARN_UNUSED_LABEL = YES;
				GCC_WARN_UNUSED_VALUE = YES;
				GCC_WARN_UNUSED_VARIABLE = YES;
				IPHONEOS_DEPLOYMENT_TARGET = 7.1;
				ONLY_ACTIVE_ARCH = YES;
				RUN_CLANG_STATIC_ANALYZER = YES;
				SDKROOT = iphoneos;
			};
			name = Debug;
		};
		CD0AA9D5192611FE0007325A /* Release */ = {
			isa = XCBuildConfiguration;
			buildSettings = {
				ALWAYS_SEARCH_USER_PATHS = NO;
				CLANG_CXX_LANGUAGE_STANDARD = "gnu++0x";
				CLANG_CXX_LIBRARY = "libc++";
				CLANG_ENABLE_MODULES = YES;
				CLANG_ENABLE_OBJC_ARC = YES;
				CLANG_WARN_BOOL_CONVERSION = YES;
				CLANG_WARN_CONSTANT_CONVERSION = YES;
				CLANG_WARN_DIRECT_OBJC_ISA_USAGE = YES_ERROR;
				CLANG_WARN_EMPTY_BODY = YES;
				CLANG_WARN_ENUM_CONVERSION = YES;
				CLANG_WARN_INT_CONVERSION = YES;
				CLANG_WARN_OBJC_ROOT_CLASS = YES_ERROR;
				CLANG_WARN_SUSPICIOUS_IMPLICIT_CONVERSION = YES;
				CLANG_WARN__DUPLICATE_METHOD_MATCH = YES;
				"CODE_SIGN_IDENTITY[sdk=iphoneos*]" = "iPhone Developer";
				COPY_PHASE_STRIP = YES;
				ENABLE_NS_ASSERTIONS = NO;
				GCC_C_LANGUAGE_STANDARD = gnu99;
				GCC_TREAT_WARNINGS_AS_ERRORS = YES;
				GCC_WARN_64_TO_32_BIT_CONVERSION = YES;
				GCC_WARN_ABOUT_MISSING_FIELD_INITIALIZERS = YES;
				GCC_WARN_ABOUT_RETURN_TYPE = YES;
				GCC_WARN_CHECK_SWITCH_STATEMENTS = YES;
				GCC_WARN_INITIALIZER_NOT_FULLY_BRACKETED = YES;
				GCC_WARN_MISSING_PARENTHESES = YES;
				GCC_WARN_SHADOW = YES;
				GCC_WARN_SIGN_COMPARE = YES;
				GCC_WARN_TYPECHECK_CALLS_TO_PRINTF = YES;
				GCC_WARN_UNDECLARED_SELECTOR = YES;
				GCC_WARN_UNINITIALIZED_AUTOS = YES;
				GCC_WARN_UNUSED_FUNCTION = YES;
				GCC_WARN_UNUSED_LABEL = YES;
				GCC_WARN_UNUSED_VALUE = YES;
				GCC_WARN_UNUSED_VARIABLE = YES;
				IPHONEOS_DEPLOYMENT_TARGET = 7.1;
				RUN_CLANG_STATIC_ANALYZER = YES;
				SDKROOT = iphoneos;
				VALIDATE_PRODUCT = YES;
			};
			name = Release;
		};
		CD0AA9D7192611FE0007325A /* Debug */ = {
			isa = XCBuildConfiguration;
			baseConfigurationReference = 49130E70B1394B69BFE91E13 /* Pods-twindr.xcconfig */;
			buildSettings = {
				ASSETCATALOG_COMPILER_APPICON_NAME = AppIcon;
				ASSETCATALOG_COMPILER_LAUNCHIMAGE_NAME = LaunchImage;
				GCC_PRECOMPILE_PREFIX_HEADER = YES;
				GCC_PREFIX_HEADER = "twindr/twindr-Prefix.pch";
				INFOPLIST_FILE = "twindr/twindr-Info.plist";
				PRODUCT_NAME = "$(TARGET_NAME)";
				WRAPPER_EXTENSION = app;
			};
			name = Debug;
		};
		CD0AA9D8192611FE0007325A /* Release */ = {
			isa = XCBuildConfiguration;
			baseConfigurationReference = 49130E70B1394B69BFE91E13 /* Pods-twindr.xcconfig */;
			buildSettings = {
				ASSETCATALOG_COMPILER_APPICON_NAME = AppIcon;
				ASSETCATALOG_COMPILER_LAUNCHIMAGE_NAME = LaunchImage;
				GCC_PRECOMPILE_PREFIX_HEADER = YES;
				GCC_PREFIX_HEADER = "twindr/twindr-Prefix.pch";
				INFOPLIST_FILE = "twindr/twindr-Info.plist";
				PRODUCT_NAME = "$(TARGET_NAME)";
				WRAPPER_EXTENSION = app;
			};
			name = Release;
		};
		CD0AA9DA192611FE0007325A /* Debug */ = {
			isa = XCBuildConfiguration;
			buildSettings = {
				BUNDLE_LOADER = "$(BUILT_PRODUCTS_DIR)/twindr.app/twindr";
				FRAMEWORK_SEARCH_PATHS = (
					"$(SDKROOT)/Developer/Library/Frameworks",
					"$(inherited)",
					"$(DEVELOPER_FRAMEWORKS_DIR)",
				);
				GCC_PRECOMPILE_PREFIX_HEADER = YES;
				GCC_PREFIX_HEADER = "twindr/twindr-Prefix.pch";
				GCC_PREPROCESSOR_DEFINITIONS = (
					"DEBUG=1",
					"$(inherited)",
				);
				INFOPLIST_FILE = "twindrTests/twindrTests-Info.plist";
				PRODUCT_NAME = "$(TARGET_NAME)";
				TEST_HOST = "$(BUNDLE_LOADER)";
				WRAPPER_EXTENSION = xctest;
			};
			name = Debug;
		};
		CD0AA9DB192611FE0007325A /* Release */ = {
			isa = XCBuildConfiguration;
			buildSettings = {
				BUNDLE_LOADER = "$(BUILT_PRODUCTS_DIR)/twindr.app/twindr";
				FRAMEWORK_SEARCH_PATHS = (
					"$(SDKROOT)/Developer/Library/Frameworks",
					"$(inherited)",
					"$(DEVELOPER_FRAMEWORKS_DIR)",
				);
				GCC_PRECOMPILE_PREFIX_HEADER = YES;
				GCC_PREFIX_HEADER = "twindr/twindr-Prefix.pch";
				INFOPLIST_FILE = "twindrTests/twindrTests-Info.plist";
				PRODUCT_NAME = "$(TARGET_NAME)";
				TEST_HOST = "$(BUNDLE_LOADER)";
				WRAPPER_EXTENSION = xctest;
			};
			name = Release;
		};
		D001A5EC44F54C99B9605F8E /* profiling */ = {
			isa = XCBuildConfiguration;
			buildSettings = {
				ALWAYS_SEARCH_USER_PATHS = NO;
				CLANG_CXX_LANGUAGE_STANDARD = "gnu++0x";
				CLANG_CXX_LIBRARY = "libc++";
				CLANG_ENABLE_MODULES = YES;
				CLANG_ENABLE_OBJC_ARC = YES;
				CLANG_WARN_BOOL_CONVERSION = YES;
				CLANG_WARN_CONSTANT_CONVERSION = YES;
				CLANG_WARN_DIRECT_OBJC_ISA_USAGE = YES_ERROR;
				CLANG_WARN_EMPTY_BODY = YES;
				CLANG_WARN_ENUM_CONVERSION = YES;
				CLANG_WARN_INT_CONVERSION = YES;
				CLANG_WARN_OBJC_ROOT_CLASS = YES_ERROR;
				CLANG_WARN_SUSPICIOUS_IMPLICIT_CONVERSION = YES;
				CLANG_WARN__DUPLICATE_METHOD_MATCH = YES;
				"CODE_SIGN_IDENTITY[sdk=iphoneos*]" = "iPhone Developer";
				COPY_PHASE_STRIP = NO;
				GCC_C_LANGUAGE_STANDARD = gnu99;
				GCC_DYNAMIC_NO_PIC = NO;
				GCC_OPTIMIZATION_LEVEL = 0;
				GCC_PREPROCESSOR_DEFINITIONS = (
					"DEBUG=1",
					"$(inherited)",
				);
				GCC_SYMBOLS_PRIVATE_EXTERN = NO;
				GCC_TREAT_WARNINGS_AS_ERRORS = YES;
				GCC_WARN_64_TO_32_BIT_CONVERSION = YES;
				GCC_WARN_ABOUT_MISSING_FIELD_INITIALIZERS = YES;
				GCC_WARN_ABOUT_RETURN_TYPE = YES;
				GCC_WARN_CHECK_SWITCH_STATEMENTS = YES;
				GCC_WARN_INITIALIZER_NOT_FULLY_BRACKETED = YES;
				GCC_WARN_MISSING_PARENTHESES = YES;
				GCC_WARN_SHADOW = YES;
				GCC_WARN_SIGN_COMPARE = YES;
				GCC_WARN_TYPECHECK_CALLS_TO_PRINTF = YES;
				GCC_WARN_UNDECLARED_SELECTOR = YES;
				GCC_WARN_UNINITIALIZED_AUTOS = YES;
				GCC_WARN_UNUSED_FUNCTION = YES;
				GCC_WARN_UNUSED_LABEL = YES;
				GCC_WARN_UNUSED_VALUE = YES;
				GCC_WARN_UNUSED_VARIABLE = YES;
				IPHONEOS_DEPLOYMENT_TARGET = 7.1;
				ONLY_ACTIVE_ARCH = YES;
				RUN_CLANG_STATIC_ANALYZER = YES;
				SDKROOT = iphoneos;
			};
			name = profiling;
		};
		EEF2419685B24D55ADF1B724 /* adhoc */ = {
			isa = XCBuildConfiguration;
			buildSettings = {
				BUNDLE_LOADER = "$(BUILT_PRODUCTS_DIR)/twindr.app/twindr";
				FRAMEWORK_SEARCH_PATHS = (
					"$(SDKROOT)/Developer/Library/Frameworks",
					"$(inherited)",
					"$(DEVELOPER_FRAMEWORKS_DIR)",
				);
				GCC_PRECOMPILE_PREFIX_HEADER = YES;
				GCC_PREFIX_HEADER = "twindr/twindr-Prefix.pch";
				GCC_PREPROCESSOR_DEFINITIONS = (
					"DEBUG=1",
					"$(inherited)",
				);
				INFOPLIST_FILE = "twindrTests/twindrTests-Info.plist";
				PRODUCT_NAME = "$(TARGET_NAME)";
				TEST_HOST = "$(BUNDLE_LOADER)";
				WRAPPER_EXTENSION = xctest;
			};
			name = adhoc;
		};
/* End XCBuildConfiguration section */

/* Begin XCConfigurationList section */
		CD0AA9A5192611FE0007325A /* Build configuration list for PBXProject "twindr" */ = {
			isa = XCConfigurationList;
			buildConfigurations = (
				CD0AA9D4192611FE0007325A /* Debug */,
				CD0AA9D5192611FE0007325A /* Release */,
				B6259260A2584F8585E25936 /* adhoc */,
				A85681154B524FEDA0D65E2E /* adhoc */,
				D001A5EC44F54C99B9605F8E /* profiling */,
				12BBBB15BADD41809BB6D4FB /* profiling */,
			);
			defaultConfigurationIsVisible = 0;
			defaultConfigurationName = Release;
		};
		CD0AA9D6192611FE0007325A /* Build configuration list for PBXNativeTarget "twindr" */ = {
			isa = XCConfigurationList;
			buildConfigurations = (
				CD0AA9D7192611FE0007325A /* Debug */,
				CD0AA9D8192611FE0007325A /* Release */,
				3958052EADDA4AE4A064D325 /* adhoc */,
				C40F8A7472FA438A8E450438 /* profiling */,
			);
			defaultConfigurationIsVisible = 0;
			defaultConfigurationName = Release;
		};
		CD0AA9D9192611FE0007325A /* Build configuration list for PBXNativeTarget "twindrTests" */ = {
			isa = XCConfigurationList;
			buildConfigurations = (
				CD0AA9DA192611FE0007325A /* Debug */,
				CD0AA9DB192611FE0007325A /* Release */,
				EEF2419685B24D55ADF1B724 /* adhoc */,
				1B67BD7C930A4F80900462CB /* profiling */,
			);
			defaultConfigurationIsVisible = 0;
			defaultConfigurationName = Release;
		};
/* End XCConfigurationList section */
	};
	rootObject = CD0AA9A2192611FE0007325A /* Project object */;
}
